// !$*UTF8*$!
{
	archiveVersion = 1;
	classes = {
	};
	objectVersion = 50;
	objects = {

/* Begin PBXBuildFile section */
		6041E62122140A9900961A2A /* AppDelegate.m in Sources */ = {isa = PBXBuildFile; fileRef = 6041E62022140A9900961A2A /* AppDelegate.m */; };
		6041E62422140A9900961A2A /* SceneAViewController.m in Sources */ = {isa = PBXBuildFile; fileRef = 6041E62322140A9900961A2A /* SceneAViewController.m */; };
		6041E62722140A9900961A2A /* Main.storyboard in Resources */ = {isa = PBXBuildFile; fileRef = 6041E62522140A9900961A2A /* Main.storyboard */; };
		6041E62922140A9B00961A2A /* Assets.xcassets in Resources */ = {isa = PBXBuildFile; fileRef = 6041E62822140A9B00961A2A /* Assets.xcassets */; };
		6041E62C22140A9B00961A2A /* LaunchScreen.storyboard in Resources */ = {isa = PBXBuildFile; fileRef = 6041E62A22140A9B00961A2A /* LaunchScreen.storyboard */; };
		6041E62F22140A9B00961A2A /* main.m in Sources */ = {isa = PBXBuildFile; fileRef = 6041E62E22140A9B00961A2A /* main.m */; };
		6041E6372214294E00961A2A /* SceneBViewController.m in Sources */ = {isa = PBXBuildFile; fileRef = 6041E6362214294E00961A2A /* SceneBViewController.m */; };
/* End PBXBuildFile section */

/* Begin PBXFileReference section */
		6041E61C22140A9900961A2A /* NotificationUse.app */ = {isa = PBXFileReference; explicitFileType = wrapper.application; includeInIndex = 0; path = NotificationUse.app; sourceTree = BUILT_PRODUCTS_DIR; };
		6041E61F22140A9900961A2A /* AppDelegate.h */ = {isa = PBXFileReference; lastKnownFileType = sourcecode.c.h; path = AppDelegate.h; sourceTree = "<group>"; };
		6041E62022140A9900961A2A /* AppDelegate.m */ = {isa = PBXFileReference; lastKnownFileType = sourcecode.c.objc; path = AppDelegate.m; sourceTree = "<group>"; };
		6041E62222140A9900961A2A /* SceneAViewController.h */ = {isa = PBXFileReference; lastKnownFileType = sourcecode.c.h; path = SceneAViewController.h; sourceTree = "<group>"; };
		6041E62322140A9900961A2A /* SceneAViewController.m */ = {isa = PBXFileReference; lastKnownFileType = sourcecode.c.objc; path = SceneAViewController.m; sourceTree = "<group>"; };
		6041E62622140A9900961A2A /* Base */ = {isa = PBXFileReference; lastKnownFileType = file.storyboard; name = Base; path = Base.lproj/Main.storyboard; sourceTree = "<group>"; };
		6041E62822140A9B00961A2A /* Assets.xcassets */ = {isa = PBXFileReference; lastKnownFileType = folder.assetcatalog; path = Assets.xcassets; sourceTree = "<group>"; };
		6041E62B22140A9B00961A2A /* Base */ = {isa = PBXFileReference; lastKnownFileType = file.storyboard; name = Base; path = Base.lproj/LaunchScreen.storyboard; sourceTree = "<group>"; };
		6041E62D22140A9B00961A2A /* Info.plist */ = {isa = PBXFileReference; lastKnownFileType = text.plist.xml; path = Info.plist; sourceTree = "<group>"; };
		6041E62E22140A9B00961A2A /* main.m */ = {isa = PBXFileReference; lastKnownFileType = sourcecode.c.objc; path = main.m; sourceTree = "<group>"; };
		6041E6352214294E00961A2A /* SceneBViewController.h */ = {isa = PBXFileReference; lastKnownFileType = sourcecode.c.h; path = SceneBViewController.h; sourceTree = "<group>"; };
		6041E6362214294E00961A2A /* SceneBViewController.m */ = {isa = PBXFileReference; lastKnownFileType = sourcecode.c.objc; path = SceneBViewController.m; sourceTree = "<group>"; };
/* End PBXFileReference section */

/* Begin PBXFrameworksBuildPhase section */
		6041E61922140A9900961A2A /* Frameworks */ = {
			isa = PBXFrameworksBuildPhase;
			buildActionMask = 2147483647;
			files = (
			);
			runOnlyForDeploymentPostprocessing = 0;
		};
/* End PBXFrameworksBuildPhase section */

/* Begin PBXGroup section */
		6041E61322140A9900961A2A = {
			isa = PBXGroup;
			children = (
				6041E61E22140A9900961A2A /* NotificationUse */,
				6041E61D22140A9900961A2A /* Products */,
			);
			sourceTree = "<group>";
		};
		6041E61D22140A9900961A2A /* Products */ = {
			isa = PBXGroup;
			children = (
				6041E61C22140A9900961A2A /* NotificationUse.app */,
			);
			name = Products;
			sourceTree = "<group>";
		};
		6041E61E22140A9900961A2A /* NotificationUse */ = {
			isa = PBXGroup;
			children = (
				6041E61F22140A9900961A2A /* AppDelegate.h */,
				6041E62022140A9900961A2A /* AppDelegate.m */,
				6041E62222140A9900961A2A /* SceneAViewController.h */,
				6041E62322140A9900961A2A /* SceneAViewController.m */,
				6041E62522140A9900961A2A /* Main.storyboard */,
				6041E62822140A9B00961A2A /* Assets.xcassets */,
				6041E62A22140A9B00961A2A /* LaunchScreen.storyboard */,
				6041E62D22140A9B00961A2A /* Info.plist */,
				6041E62E22140A9B00961A2A /* main.m */,
				6041E6352214294E00961A2A /* SceneBViewController.h */,
				6041E6362214294E00961A2A /* SceneBViewController.m */,
			);
			path = NotificationUse;
			sourceTree = "<group>";
		};
/* End PBXGroup section */

/* Begin PBXNativeTarget section */
		6041E61B22140A9900961A2A /* NotificationUse */ = {
			isa = PBXNativeTarget;
			buildConfigurationList = 6041E63222140A9B00961A2A /* Build configuration list for PBXNativeTarget "NotificationUse" */;
			buildPhases = (
				6041E61822140A9900961A2A /* Sources */,
				6041E61922140A9900961A2A /* Frameworks */,
				6041E61A22140A9900961A2A /* Resources */,
			);
			buildRules = (
			);
			dependencies = (
			);
			name = NotificationUse;
			productName = NotificationUse;
			productReference = 6041E61C22140A9900961A2A /* NotificationUse.app */;
			productType = "com.apple.product-type.application";
		};
/* End PBXNativeTarget section */

/* Begin PBXProject section */
		6041E61422140A9900961A2A /* Project object */ = {
			isa = PBXProject;
			attributes = {
				LastUpgradeCheck = 1010;
				ORGANIZATIONNAME = QinTuanye;
				TargetAttributes = {
					6041E61B22140A9900961A2A = {
						CreatedOnToolsVersion = 10.1;
					};
				};
			};
			buildConfigurationList = 6041E61722140A9900961A2A /* Build configuration list for PBXProject "NotificationUse" */;
			compatibilityVersion = "Xcode 9.3";
			developmentRegion = en;
			hasScannedForEncodings = 0;
			knownRegions = (
				en,
				Base,
			);
			mainGroup = 6041E61322140A9900961A2A;
			productRefGroup = 6041E61D22140A9900961A2A /* Products */;
			projectDirPath = "";
			projectRoot = "";
			targets = (
				6041E61B22140A9900961A2A /* NotificationUse */,
			);
		};
/* End PBXProject section */

/* Begin PBXResourcesBuildPhase section */
		6041E61A22140A9900961A2A /* Resources */ = {
			isa = PBXResourcesBuildPhase;
			buildActionMask = 2147483647;
			files = (
				6041E62C22140A9B00961A2A /* LaunchScreen.storyboard in Resources */,
				6041E62922140A9B00961A2A /* Assets.xcassets in Resources */,
				6041E62722140A9900961A2A /* Main.storyboard in Resources */,
			);
			runOnlyForDeploymentPostprocessing = 0;
		};
/* End PBXResourcesBuildPhase section */

/* Begin PBXSourcesBuildPhase section */
		6041E61822140A9900961A2A /* Sources */ = {
			isa = PBXSourcesBuildPhase;
			buildActionMask = 2147483647;
			files = (
				6041E6372214294E00961A2A /* SceneBViewController.m in Sources */,
				6041E62422140A9900961A2A /* SceneAViewController.m in Sources */,
				6041E62F22140A9B00961A2A /* main.m in Sources */,
				6041E62122140A9900961A2A /* AppDelegate.m in Sources */,
			);
			runOnlyForDeploymentPostprocessing = 0;
		};
/* End PBXSourcesBuildPhase section */

/* Begin PBXVariantGroup section */
		6041E62522140A9900961A2A /* Main.storyboard */ = {
			isa = PBXVariantGroup;
			children = (
				6041E62622140A9900961A2A /* Base */,
			);
			name = Main.storyboard;
			sourceTree = "<group>";
		};
		6041E62A22140A9B00961A2A /* LaunchScreen.storyboard */ = {
			isa = PBXVariantGroup;
			children = (
				6041E62B22140A9B00961A2A /* Base */,
			);
			name = LaunchScreen.storyboard;
			sourceTree = "<group>";
		};
/* End PBXVariantGroup section */

/* Begin XCBuildConfiguration section */
		6041E63022140A9B00961A2A /* Debug */ = {
			isa = XCBuildConfiguration;
			buildSettings = {
				ALWAYS_SEARCH_USER_PATHS = NO;
				CLANG_ANALYZER_NONNULL = YES;
				CLANG_ANALYZER_NUMBER_OBJECT_CONVERSION = YES_AGGRESSIVE;
				CLANG_CXX_LANGUAGE_STANDARD = "gnu++14";
				CLANG_CXX_LIBRARY = "libc++";
				CLANG_ENABLE_MODULES = YES;
				CLANG_ENABLE_OBJC_ARC = YES;
				CLANG_ENABLE_OBJC_WEAK = YES;
				CLANG_WARN_BLOCK_CAPTURE_AUTORELEASING = YES;
				CLANG_WARN_BOOL_CONVERSION = YES;
				CLANG_WARN_COMMA = YES;
				CLANG_WARN_CONSTANT_CONVERSION = YES;
				CLANG_WARN_DEPRECATED_OBJC_IMPLEMENTATIONS = YES;
				CLANG_WARN_DIRECT_OBJC_ISA_USAGE = YES_ERROR;
				CLANG_WARN_DOCUMENTATION_COMMENTS = YES;
				CLANG_WARN_EMPTY_BODY = YES;
				CLANG_WARN_ENUM_CONVERSION = YES;
				CLANG_WARN_INFINITE_RECURSION = YES;
				CLANG_WARN_INT_CONVERSION = YES;
				CLANG_WARN_NON_LITERAL_NULL_CONVERSION = YES;
				CLANG_WARN_OBJC_IMPLICIT_RETAIN_SELF = YES;
				CLANG_WARN_OBJC_LITERAL_CONVERSION = YES;
				CLANG_WARN_OBJC_ROOT_CLASS = YES_ERROR;
				CLANG_WARN_RANGE_LOOP_ANALYSIS = YES;
				CLANG_WARN_STRICT_PROTOTYPES = YES;
				CLANG_WARN_SUSPICIOUS_MOVE = YES;
				CLANG_WARN_UNGUARDED_AVAILABILITY = YES_AGGRESSIVE;
				CLANG_WARN_UNREACHABLE_CODE = YES;
				CLANG_WARN__DUPLICATE_METHOD_MATCH = YES;
				CODE_SIGN_IDENTITY = "iPhone Developer";
				COPY_PHASE_STRIP = NO;
				DEBUG_INFORMATION_FORMAT = dwarf;
				ENABLE_STRICT_OBJC_MSGSEND = YES;
				ENABLE_TESTABILITY = YES;
				GCC_C_LANGUAGE_STANDARD = gnu11;
				GCC_DYNAMIC_NO_PIC = NO;
				GCC_NO_COMMON_BLOCKS = YES;
				GCC_OPTIMIZATION_LEVEL = 0;
				GCC_PREPROCESSOR_DEFINITIONS = (
					"DEBUG=1",
					"$(inherited)",
				);
				GCC_WARN_64_TO_32_BIT_CONVERSION = YES;
				GCC_WARN_ABOUT_RETURN_TYPE = YES_ERROR;
				GCC_WARN_UNDECLARED_SELECTOR = YES;
				GCC_WARN_UNINITIALIZED_AUTOS = YES_AGGRESSIVE;
				GCC_WARN_UNUSED_FUNCTION = YES;
				GCC_WARN_UNUSED_VARIABLE = YES;
				IPHONEOS_DEPLOYMENT_TARGET = 12.1;
				MTL_ENABLE_DEBUG_INFO = INCLUDE_SOURCE;
				MTL_FAST_MATH = YES;
				ONLY_ACTIVE_ARCH = YES;
				SDKROOT = iphoneos;
			};
			name = Debug;
		};
		6041E63122140A9B00961A2A /* Release */ = {
			isa = XCBuildConfiguration;
			buildSettings = {
				ALWAYS_SEARCH_USER_PATHS = NO;
				CLANG_ANALYZER_NONNULL = YES;
				CLANG_ANALYZER_NUMBER_OBJECT_CONVERSION = YES_AGGRESSIVE;
				CLANG_CXX_LANGUAGE_STANDARD = "gnu++14";
				CLANG_CXX_LIBRARY = "libc++";
				CLANG_ENABLE_MODULES = YES;
				CLANG_ENABLE_OBJC_ARC = YES;
				CLANG_ENABLE_OBJC_WEAK = YES;
				CLANG_WARN_BLOCK_CAPTURE_AUTORELEASING = YES;
				CLANG_WARN_BOOL_CONVERSION = YES;
				CLANG_WARN_COMMA = YES;
				CLANG_WARN_CONSTANT_CONVERSION = YES;
				CLANG_WARN_DEPRECATED_OBJC_IMPLEMENTATIONS = YES;
				CLANG_WARN_DIRECT_OBJC_ISA_USAGE = YES_ERROR;
				CLANG_WARN_DOCUMENTATION_COMMENTS = YES;
				CLANG_WARN_EMPTY_BODY = YES;
				CLANG_WARN_ENUM_CONVERSION = YES;
				CLANG_WARN_INFINITE_RECURSION = YES;
				CLANG_WARN_INT_CONVERSION = YES;
				CLANG_WARN_NON_LITERAL_NULL_CONVERSION = YES;
				CLANG_WARN_OBJC_IMPLICIT_RETAIN_SELF = YES;
				CLANG_WARN_OBJC_LITERAL_CONVERSION = YES;
				CLANG_WARN_OBJC_ROOT_CLASS = YES_ERROR;
				CLANG_WARN_RANGE_LOOP_ANALYSIS = YES;
				CLANG_WARN_STRICT_PROTOTYPES = YES;
				CLANG_WARN_SUSPICIOUS_MOVE = YES;
				CLANG_WARN_UNGUARDED_AVAILABILITY = YES_AGGRESSIVE;
				CLANG_WARN_UNREACHABLE_CODE = YES;
				CLANG_WARN__DUPLICATE_METHOD_MATCH = YES;
				CODE_SIGN_IDENTITY = "iPhone Developer";
				COPY_PHASE_STRIP = NO;
				DEBUG_INFORMATION_FORMAT = "dwarf-with-dsym";
				ENABLE_NS_ASSERTIONS = NO;
				ENABLE_STRICT_OBJC_MSGSEND = YES;
				GCC_C_LANGUAGE_STANDARD = gnu11;
				GCC_NO_COMMON_BLOCKS = YES;
				GCC_WARN_64_TO_32_BIT_CONVERSION = YES;
				GCC_WARN_ABOUT_RETURN_TYPE = YES_ERROR;
				GCC_WARN_UNDECLARED_SELECTOR = YES;
				GCC_WARN_UNINITIALIZED_AUTOS = YES_AGGRESSIVE;
				GCC_WARN_UNUSED_FUNCTION = YES;
				GCC_WARN_UNUSED_VARIABLE = YES;
				IPHONEOS_DEPLOYMENT_TARGET = 12.1;
				MTL_ENABLE_DEBUG_INFO = NO;
				MTL_FAST_MATH = YES;
				SDKROOT = iphoneos;
				VALIDATE_PRODUCT = YES;
			};
			name = Release;
		};
		6041E63322140A9B00961A2A /* Debug */ = {
			isa = XCBuildConfiguration;
			buildSettings = {
				ASSETCATALOG_COMPILER_APPICON_NAME = AppIcon;
				CODE_SIGN_STYLE = Automatic;
				DEVELOPMENT_TEAM = V36526T8FR;
				INFOPLIST_FILE = NotificationUse/Info.plist;
				LD_RUNPATH_SEARCH_PATHS = (
					"$(inherited)",
					"@executable_path/Frameworks",
				);
				PRODUCT_BUNDLE_IDENTIFIER = com.yuntian.NotificationUse;
				PRODUCT_NAME = "$(TARGET_NAME)";
				TARGETED_DEVICE_FAMILY = "1,2";
			};
			name = Debug;
		};
		6041E63422140A9B00961A2A /* Release */ = {
			isa = XCBuildConfiguration;
			buildSettings = {
				ASSETCATALOG_COMPILER_APPICON_NAME = AppIcon;
				CODE_SIGN_STYLE = Automatic;
				DEVELOPMENT_TEAM = V36526T8FR;
				INFOPLIST_FILE = NotificationUse/Info.plist;
				LD_RUNPATH_SEARCH_PATHS = (
					"$(inherited)",
					"@executable_path/Frameworks",
				);
				PRODUCT_BUNDLE_IDENTIFIER = com.yuntian.NotificationUse;
				PRODUCT_NAME = "$(TARGET_NAME)";
				TARGETED_DEVICE_FAMILY = "1,2";
			};
			name = Release;
		};
/* End XCBuildConfiguration section */

/* Begin XCConfigurationList section */
		6041E61722140A9900961A2A /* Build configuration list for PBXProject "NotificationUse" */ = {
			isa = XCConfigurationList;
			buildConfigurations = (
				6041E63022140A9B00961A2A /* Debug */,
				6041E63122140A9B00961A2A /* Release */,
			);
			defaultConfigurationIsVisible = 0;
			defaultConfigurationName = Release;
		};
		6041E63222140A9B00961A2A /* Build configuration list for PBXNativeTarget "NotificationUse" */ = {
			isa = XCConfigurationList;
			buildConfigurations = (
				6041E63322140A9B00961A2A /* Debug */,
				6041E63422140A9B00961A2A /* Release */,
			);
			defaultConfigurationIsVisible = 0;
			defaultConfigurationName = Release;
		};
/* End XCConfigurationList section */
	};
	rootObject = 6041E61422140A9900961A2A /* Project object */;
}
