// !$*UTF8*$!
{
	archiveVersion = 1;
	classes = {
	};
	objectVersion = 50;
	objects = {

/* Begin PBXBuildFile section */
		6053449D2226CB8B004C0F2B /* AppDelegate.m in Sources */ = {isa = PBXBuildFile; fileRef = 6053449C2226CB8B004C0F2B /* AppDelegate.m */; };
		605344A02226CB8C004C0F2B /* ViewController.m in Sources */ = {isa = PBXBuildFile; fileRef = 6053449F2226CB8C004C0F2B /* ViewController.m */; };
		605344A32226CB8C004C0F2B /* Main.storyboard in Resources */ = {isa = PBXBuildFile; fileRef = 605344A12226CB8C004C0F2B /* Main.storyboard */; };
		605344A52226CB8D004C0F2B /* Assets.xcassets in Resources */ = {isa = PBXBuildFile; fileRef = 605344A42226CB8D004C0F2B /* Assets.xcassets */; };
		605344A82226CB8D004C0F2B /* LaunchScreen.storyboard in Resources */ = {isa = PBXBuildFile; fileRef = 605344A62226CB8D004C0F2B /* LaunchScreen.storyboard */; };
		605344AB2226CB8D004C0F2B /* main.m in Sources */ = {isa = PBXBuildFile; fileRef = 605344AA2226CB8D004C0F2B /* main.m */; };
/* End PBXBuildFile section */

/* Begin PBXFileReference section */
		605344982226CB8B004C0F2B /* WaterfallFlowViewByCode.app */ = {isa = PBXFileReference; explicitFileType = wrapper.application; includeInIndex = 0; path = WaterfallFlowViewByCode.app; sourceTree = BUILT_PRODUCTS_DIR; };
		6053449B2226CB8B004C0F2B /* AppDelegate.h */ = {isa = PBXFileReference; lastKnownFileType = sourcecode.c.h; path = AppDelegate.h; sourceTree = "<group>"; };
		6053449C2226CB8B004C0F2B /* AppDelegate.m */ = {isa = PBXFileReference; lastKnownFileType = sourcecode.c.objc; path = AppDelegate.m; sourceTree = "<group>"; };
		6053449E2226CB8C004C0F2B /* ViewController.h */ = {isa = PBXFileReference; lastKnownFileType = sourcecode.c.h; path = ViewController.h; sourceTree = "<group>"; };
		6053449F2226CB8C004C0F2B /* ViewController.m */ = {isa = PBXFileReference; lastKnownFileType = sourcecode.c.objc; path = ViewController.m; sourceTree = "<group>"; };
		605344A22226CB8C004C0F2B /* Base */ = {isa = PBXFileReference; lastKnownFileType = file.storyboard; name = Base; path = Base.lproj/Main.storyboard; sourceTree = "<group>"; };
		605344A42226CB8D004C0F2B /* Assets.xcassets */ = {isa = PBXFileReference; lastKnownFileType = folder.assetcatalog; path = Assets.xcassets; sourceTree = "<group>"; };
		605344A72226CB8D004C0F2B /* Base */ = {isa = PBXFileReference; lastKnownFileType = file.storyboard; name = Base; path = Base.lproj/LaunchScreen.storyboard; sourceTree = "<group>"; };
		605344A92226CB8D004C0F2B /* Info.plist */ = {isa = PBXFileReference; lastKnownFileType = text.plist.xml; path = Info.plist; sourceTree = "<group>"; };
		605344AA2226CB8D004C0F2B /* main.m */ = {isa = PBXFileReference; lastKnownFileType = sourcecode.c.objc; path = main.m; sourceTree = "<group>"; };
/* End PBXFileReference section */

/* Begin PBXFrameworksBuildPhase section */
		605344952226CB8B004C0F2B /* Frameworks */ = {
			isa = PBXFrameworksBuildPhase;
			buildActionMask = 2147483647;
			files = (
			);
			runOnlyForDeploymentPostprocessing = 0;
		};
/* End PBXFrameworksBuildPhase section */

/* Begin PBXGroup section */
		6053448F2226CB8B004C0F2B = {
			isa = PBXGroup;
			children = (
				6053449A2226CB8B004C0F2B /* WaterfallFlowViewByCode */,
				605344992226CB8B004C0F2B /* Products */,
			);
			sourceTree = "<group>";
		};
		605344992226CB8B004C0F2B /* Products */ = {
			isa = PBXGroup;
			children = (
				605344982226CB8B004C0F2B /* WaterfallFlowViewByCode.app */,
			);
			name = Products;
			sourceTree = "<group>";
		};
		6053449A2226CB8B004C0F2B /* WaterfallFlowViewByCode */ = {
			isa = PBXGroup;
			children = (
				6053449B2226CB8B004C0F2B /* AppDelegate.h */,
				6053449C2226CB8B004C0F2B /* AppDelegate.m */,
				6053449E2226CB8C004C0F2B /* ViewController.h */,
				6053449F2226CB8C004C0F2B /* ViewController.m */,
				605344A12226CB8C004C0F2B /* Main.storyboard */,
				605344A42226CB8D004C0F2B /* Assets.xcassets */,
				605344A62226CB8D004C0F2B /* LaunchScreen.storyboard */,
				605344A92226CB8D004C0F2B /* Info.plist */,
				605344AA2226CB8D004C0F2B /* main.m */,
			);
			path = WaterfallFlowViewByCode;
			sourceTree = "<group>";
		};
/* End PBXGroup section */

/* Begin PBXNativeTarget section */
		605344972226CB8B004C0F2B /* WaterfallFlowViewByCode */ = {
			isa = PBXNativeTarget;
			buildConfigurationList = 605344AE2226CB8D004C0F2B /* Build configuration list for PBXNativeTarget "WaterfallFlowViewByCode" */;
			buildPhases = (
				605344942226CB8B004C0F2B /* Sources */,
				605344952226CB8B004C0F2B /* Frameworks */,
				605344962226CB8B004C0F2B /* Resources */,
			);
			buildRules = (
			);
			dependencies = (
			);
			name = WaterfallFlowViewByCode;
			productName = WaterfallFlowViewByCode;
			productReference = 605344982226CB8B004C0F2B /* WaterfallFlowViewByCode.app */;
			productType = "com.apple.product-type.application";
		};
/* End PBXNativeTarget section */

/* Begin PBXProject section */
		605344902226CB8B004C0F2B /* Project object */ = {
			isa = PBXProject;
			attributes = {
				LastUpgradeCheck = 1010;
				ORGANIZATIONNAME = QinTuanye;
				TargetAttributes = {
					605344972226CB8B004C0F2B = {
						CreatedOnToolsVersion = 10.1;
					};
				};
			};
			buildConfigurationList = 605344932226CB8B004C0F2B /* Build configuration list for PBXProject "WaterfallFlowViewByCode" */;
			compatibilityVersion = "Xcode 9.3";
			developmentRegion = en;
			hasScannedForEncodings = 0;
			knownRegions = (
				en,
				Base,
			);
			mainGroup = 6053448F2226CB8B004C0F2B;
			productRefGroup = 605344992226CB8B004C0F2B /* Products */;
			projectDirPath = "";
			projectRoot = "";
			targets = (
				605344972226CB8B004C0F2B /* WaterfallFlowViewByCode */,
			);
		};
/* End PBXProject section */

/* Begin PBXResourcesBuildPhase section */
		605344962226CB8B004C0F2B /* Resources */ = {
			isa = PBXResourcesBuildPhase;
			buildActionMask = 2147483647;
			files = (
				605344A82226CB8D004C0F2B /* LaunchScreen.storyboard in Resources */,
				605344A52226CB8D004C0F2B /* Assets.xcassets in Resources */,
				605344A32226CB8C004C0F2B /* Main.storyboard in Resources */,
			);
			runOnlyForDeploymentPostprocessing = 0;
		};
/* End PBXResourcesBuildPhase section */

/* Begin PBXSourcesBuildPhase section */
		605344942226CB8B004C0F2B /* Sources */ = {
			isa = PBXSourcesBuildPhase;
			buildActionMask = 2147483647;
			files = (
				605344A02226CB8C004C0F2B /* ViewController.m in Sources */,
				605344AB2226CB8D004C0F2B /* main.m in Sources */,
				6053449D2226CB8B004C0F2B /* AppDelegate.m in Sources */,
			);
			runOnlyForDeploymentPostprocessing = 0;
		};
/* End PBXSourcesBuildPhase section */

/* Begin PBXVariantGroup section */
		605344A12226CB8C004C0F2B /* Main.storyboard */ = {
			isa = PBXVariantGroup;
			children = (
				605344A22226CB8C004C0F2B /* Base */,
			);
			name = Main.storyboard;
			sourceTree = "<group>";
		};
		605344A62226CB8D004C0F2B /* LaunchScreen.storyboard */ = {
			isa = PBXVariantGroup;
			children = (
				605344A72226CB8D004C0F2B /* Base */,
			);
			name = LaunchScreen.storyboard;
			sourceTree = "<group>";
		};
/* End PBXVariantGroup section */

/* Begin XCBuildConfiguration section */
		605344AC2226CB8D004C0F2B /* Debug */ = {
			isa = XCBuildConfiguration;
			buildSettings = {
				ALWAYS_SEARCH_USER_PATHS = NO;
				CLANG_ANALYZER_NONNULL = YES;
				CLANG_ANALYZER_NUMBER_OBJECT_CONVERSION = YES_AGGRESSIVE;
				CLANG_CXX_LANGUAGE_STANDARD = "gnu++14";
				CLANG_CXX_LIBRARY = "libc++";
				CLANG_ENABLE_MODULES = YES;
				CLANG_ENABLE_OBJC_ARC = YES;
				CLANG_ENABLE_OBJC_WEAK = YES;
				CLANG_WARN_BLOCK_CAPTURE_AUTORELEASING = YES;
				CLANG_WARN_BOOL_CONVERSION = YES;
				CLANG_WARN_COMMA = YES;
				CLANG_WARN_CONSTANT_CONVERSION = YES;
				CLANG_WARN_DEPRECATED_OBJC_IMPLEMENTATIONS = YES;
				CLANG_WARN_DIRECT_OBJC_ISA_USAGE = YES_ERROR;
				CLANG_WARN_DOCUMENTATION_COMMENTS = YES;
				CLANG_WARN_EMPTY_BODY = YES;
				CLANG_WARN_ENUM_CONVERSION = YES;
				CLANG_WARN_INFINITE_RECURSION = YES;
				CLANG_WARN_INT_CONVERSION = YES;
				CLANG_WARN_NON_LITERAL_NULL_CONVERSION = YES;
				CLANG_WARN_OBJC_IMPLICIT_RETAIN_SELF = YES;
				CLANG_WARN_OBJC_LITERAL_CONVERSION = YES;
				CLANG_WARN_OBJC_ROOT_CLASS = YES_ERROR;
				CLANG_WARN_RANGE_LOOP_ANALYSIS = YES;
				CLANG_WARN_STRICT_PROTOTYPES = YES;
				CLANG_WARN_SUSPICIOUS_MOVE = YES;
				CLANG_WARN_UNGUARDED_AVAILABILITY = YES_AGGRESSIVE;
				CLANG_WARN_UNREACHABLE_CODE = YES;
				CLANG_WARN__DUPLICATE_METHOD_MATCH = YES;
				CODE_SIGN_IDENTITY = "iPhone Developer";
				COPY_PHASE_STRIP = NO;
				DEBUG_INFORMATION_FORMAT = dwarf;
				ENABLE_STRICT_OBJC_MSGSEND = YES;
				ENABLE_TESTABILITY = YES;
				GCC_C_LANGUAGE_STANDARD = gnu11;
				GCC_DYNAMIC_NO_PIC = NO;
				GCC_NO_COMMON_BLOCKS = YES;
				GCC_OPTIMIZATION_LEVEL = 0;
				GCC_PREPROCESSOR_DEFINITIONS = (
					"DEBUG=1",
					"$(inherited)",
				);
				GCC_WARN_64_TO_32_BIT_CONVERSION = YES;
				GCC_WARN_ABOUT_RETURN_TYPE = YES_ERROR;
				GCC_WARN_UNDECLARED_SELECTOR = YES;
				GCC_WARN_UNINITIALIZED_AUTOS = YES_AGGRESSIVE;
				GCC_WARN_UNUSED_FUNCTION = YES;
				GCC_WARN_UNUSED_VARIABLE = YES;
				IPHONEOS_DEPLOYMENT_TARGET = 12.1;
				MTL_ENABLE_DEBUG_INFO = INCLUDE_SOURCE;
				MTL_FAST_MATH = YES;
				ONLY_ACTIVE_ARCH = YES;
				SDKROOT = iphoneos;
			};
			name = Debug;
		};
		605344AD2226CB8D004C0F2B /* Release */ = {
			isa = XCBuildConfiguration;
			buildSettings = {
				ALWAYS_SEARCH_USER_PATHS = NO;
				CLANG_ANALYZER_NONNULL = YES;
				CLANG_ANALYZER_NUMBER_OBJECT_CONVERSION = YES_AGGRESSIVE;
				CLANG_CXX_LANGUAGE_STANDARD = "gnu++14";
				CLANG_CXX_LIBRARY = "libc++";
				CLANG_ENABLE_MODULES = YES;
				CLANG_ENABLE_OBJC_ARC = YES;
				CLANG_ENABLE_OBJC_WEAK = YES;
				CLANG_WARN_BLOCK_CAPTURE_AUTORELEASING = YES;
				CLANG_WARN_BOOL_CONVERSION = YES;
				CLANG_WARN_COMMA = YES;
				CLANG_WARN_CONSTANT_CONVERSION = YES;
				CLANG_WARN_DEPRECATED_OBJC_IMPLEMENTATIONS = YES;
				CLANG_WARN_DIRECT_OBJC_ISA_USAGE = YES_ERROR;
				CLANG_WARN_DOCUMENTATION_COMMENTS = YES;
				CLANG_WARN_EMPTY_BODY = YES;
				CLANG_WARN_ENUM_CONVERSION = YES;
				CLANG_WARN_INFINITE_RECURSION = YES;
				CLANG_WARN_INT_CONVERSION = YES;
				CLANG_WARN_NON_LITERAL_NULL_CONVERSION = YES;
				CLANG_WARN_OBJC_IMPLICIT_RETAIN_SELF = YES;
				CLANG_WARN_OBJC_LITERAL_CONVERSION = YES;
				CLANG_WARN_OBJC_ROOT_CLASS = YES_ERROR;
				CLANG_WARN_RANGE_LOOP_ANALYSIS = YES;
				CLANG_WARN_STRICT_PROTOTYPES = YES;
				CLANG_WARN_SUSPICIOUS_MOVE = YES;
				CLANG_WARN_UNGUARDED_AVAILABILITY = YES_AGGRESSIVE;
				CLANG_WARN_UNREACHABLE_CODE = YES;
				CLANG_WARN__DUPLICATE_METHOD_MATCH = YES;
				CODE_SIGN_IDENTITY = "iPhone Developer";
				COPY_PHASE_STRIP = NO;
				DEBUG_INFORMATION_FORMAT = "dwarf-with-dsym";
				ENABLE_NS_ASSERTIONS = NO;
				ENABLE_STRICT_OBJC_MSGSEND = YES;
				GCC_C_LANGUAGE_STANDARD = gnu11;
				GCC_NO_COMMON_BLOCKS = YES;
				GCC_WARN_64_TO_32_BIT_CONVERSION = YES;
				GCC_WARN_ABOUT_RETURN_TYPE = YES_ERROR;
				GCC_WARN_UNDECLARED_SELECTOR = YES;
				GCC_WARN_UNINITIALIZED_AUTOS = YES_AGGRESSIVE;
				GCC_WARN_UNUSED_FUNCTION = YES;
				GCC_WARN_UNUSED_VARIABLE = YES;
				IPHONEOS_DEPLOYMENT_TARGET = 12.1;
				MTL_ENABLE_DEBUG_INFO = NO;
				MTL_FAST_MATH = YES;
				SDKROOT = iphoneos;
				VALIDATE_PRODUCT = YES;
			};
			name = Release;
		};
		605344AF2226CB8D004C0F2B /* Debug */ = {
			isa = XCBuildConfiguration;
			buildSettings = {
				ASSETCATALOG_COMPILER_APPICON_NAME = AppIcon;
				CODE_SIGN_STYLE = Automatic;
				DEVELOPMENT_TEAM = V36526T8FR;
				INFOPLIST_FILE = WaterfallFlowViewByCode/Info.plist;
				LD_RUNPATH_SEARCH_PATHS = (
					"$(inherited)",
					"@executable_path/Frameworks",
				);
				PRODUCT_BUNDLE_IDENTIFIER = com.yuntian.WaterfallFlowViewByCode;
				PRODUCT_NAME = "$(TARGET_NAME)";
				TARGETED_DEVICE_FAMILY = "1,2";
			};
			name = Debug;
		};
		605344B02226CB8D004C0F2B /* Release */ = {
			isa = XCBuildConfiguration;
			buildSettings = {
				ASSETCATALOG_COMPILER_APPICON_NAME = AppIcon;
				CODE_SIGN_STYLE = Automatic;
				DEVELOPMENT_TEAM = V36526T8FR;
				INFOPLIST_FILE = WaterfallFlowViewByCode/Info.plist;
				LD_RUNPATH_SEARCH_PATHS = (
					"$(inherited)",
					"@executable_path/Frameworks",
				);
				PRODUCT_BUNDLE_IDENTIFIER = com.yuntian.WaterfallFlowViewByCode;
				PRODUCT_NAME = "$(TARGET_NAME)";
				TARGETED_DEVICE_FAMILY = "1,2";
			};
			name = Release;
		};
/* End XCBuildConfiguration section */

/* Begin XCConfigurationList section */
		605344932226CB8B004C0F2B /* Build configuration list for PBXProject "WaterfallFlowViewByCode" */ = {
			isa = XCConfigurationList;
			buildConfigurations = (
				605344AC2226CB8D004C0F2B /* Debug */,
				605344AD2226CB8D004C0F2B /* Release */,
			);
			defaultConfigurationIsVisible = 0;
			defaultConfigurationName = Release;
		};
		605344AE2226CB8D004C0F2B /* Build configuration list for PBXNativeTarget "WaterfallFlowViewByCode" */ = {
			isa = XCConfigurationList;
			buildConfigurations = (
				605344AF2226CB8D004C0F2B /* Debug */,
				605344B02226CB8D004C0F2B /* Release */,
			);
			defaultConfigurationIsVisible = 0;
			defaultConfigurationName = Release;
		};
/* End XCConfigurationList section */
	};
	rootObject = 605344902226CB8B004C0F2B /* Project object */;
}
